
Microsoft Visual Studio Solution File, Format Version 12.00
# Visual Studio Version 17
VisualStudioVersion = 17.9.34723.18
MinimumVisualStudioVersion = 10.0.40219.1
Project("{9A19103F-16F7-4668-BE54-9A1E7A4F7556}") = "CompanyName.DDD.Test", "CompanyName.DDD.Test\CompanyName.DDD.Test.csproj", "{173409F3-3237-4E66-9D4C-68DDBE42FB4B}"
EndProject
Project("{FAE04EC0-301F-11D3-BF4B-00C04F79EFBC}") = "CompanyName.DDD.API", "CompanyName.DDD.API\CompanyName.DDD.API.csproj", "{0F579A77-E75C-4C0E-9075-3DCA0B0FDD5C}"
EndProject
Project("{FAE04EC0-301F-11D3-BF4B-00C04F79EFBC}") = "CompanyName.DDD.Domain", "CompanyName.DDD.Domain\CompanyName.DDD.Domain.csproj", "{43DC7135-FFC8-404C-BA65-7EA58074B74A}"
EndProject
Global
	GlobalSection(SolutionConfigurationPlatforms) = preSolution
		Debug|Any CPU = Debug|Any CPU
		Release|Any CPU = Release|Any CPU
	EndGlobalSection
	GlobalSection(ProjectConfigurationPlatforms) = postSolution
		{173409F3-3237-4E66-9D4C-68DDBE42FB4B}.Debug|Any CPU.ActiveCfg = Debug|Any CPU
		{173409F3-3237-4E66-9D4C-68DDBE42FB4B}.Debug|Any CPU.Build.0 = Debug|Any CPU
		{173409F3-3237-4E66-9D4C-68DDBE42FB4B}.Release|Any CPU.ActiveCfg = Release|Any CPU
		{173409F3-3237-4E66-9D4C-68DDBE42FB4B}.Release|Any CPU.Build.0 = Release|Any CPU
		{0F579A77-E75C-4C0E-9075-3DCA0B0FDD5C}.Debug|Any CPU.ActiveCfg = Debug|Any CPU
		{0F579A77-E75C-4C0E-9075-3DCA0B0FDD5C}.Debug|Any CPU.Build.0 = Debug|Any CPU
		{0F579A77-E75C-4C0E-9075-3DCA0B0FDD5C}.Release|Any CPU.ActiveCfg = Release|Any CPU
		{0F579A77-E75C-4C0E-9075-3DCA0B0FDD5C}.Release|Any CPU.Build.0 = Release|Any CPU
		{43DC7135-FFC8-404C-BA65-7EA58074B74A}.Debug|Any CPU.ActiveCfg = Debug|Any CPU
		{43DC7135-FFC8-404C-BA65-7EA58074B74A}.Debug|Any CPU.Build.0 = Debug|Any CPU
		{43DC7135-FFC8-404C-BA65-7EA58074B74A}.Release|Any CPU.ActiveCfg = Release|Any CPU
		{43DC7135-FFC8-404C-BA65-7EA58074B74A}.Release|Any CPU.Build.0 = Release|Any CPU
	EndGlobalSection
	GlobalSection(SolutionProperties) = preSolution
		HideSolutionNode = FALSE
	EndGlobalSection
	GlobalSection(ExtensibilityGlobals) = postSolution
		SolutionGuid = {297F22D7-3EFF-4C60-B101-32D18A54A14E}
	EndGlobalSection
EndGlobal
